<?xml version="1.0" encoding="utf-8"?>
<Project ToolsVersion="4.0" xmlns="http://schemas.microsoft.com/developer/msbuild/2003">
  <ItemGroup>
    <Filter Include="Engine">
      <UniqueIdentifier>{d80271fe-25f6-4f24-9b65-9c14749af40a}</UniqueIdentifier>
    </Filter>
    <Filter Include="Engine\Graphics">
      <UniqueIdentifier>{12284122-9860-4a6c-982b-3ae79b13e680}</UniqueIdentifier>
    </Filter>
    <Filter Include="Engine\Input">
      <UniqueIdentifier>{3bfc7317-2d38-45ec-b25c-0909d1e80b43}</UniqueIdentifier>
    </Filter>
    <Filter Include="Engine\Math">
      <UniqueIdentifier>{862321e2-d15e-4bd9-8037-7a2fb1d19170}</UniqueIdentifier>
    </Filter>
    <Filter Include="Engine\Application">
      <UniqueIdentifier>{86df4ca4-8e58-4f73-9ada-f2fbb5f0329d}</UniqueIdentifier>
    </Filter>
    <Filter Include="Externals">
      <UniqueIdentifier>{646b347e-aec3-4f2e-b8d2-08cb6d0198fa}</UniqueIdentifier>
    </Filter>
    <Filter Include="Externals\ImGui">
      <UniqueIdentifier>{651a51f8-3cc7-4c96-856c-809e0bc05071}</UniqueIdentifier>
    </Filter>
    <Filter Include="Game">
      <UniqueIdentifier>{f36aec4f-fb6d-4c5e-ad63-b4ec29307422}</UniqueIdentifier>
    </Filter>
    <Filter Include="Engine\Graphics\Shader">
      <UniqueIdentifier>{95350017-0928-4747-bad1-b272333ed05f}</UniqueIdentifier>
    </Filter>
    <Filter Include="Engine\Audio">
      <UniqueIdentifier>{e9e6fbd5-4544-472b-9347-419aa6aff440}</UniqueIdentifier>
    </Filter>
    <Filter Include="Engine\Graphics\Core">
      <UniqueIdentifier>{11fddba6-28f0-448d-902a-f38149760415}</UniqueIdentifier>
    </Filter>
    <Filter Include="Engine\Scene">
      <UniqueIdentifier>{dcf29146-bfd2-4236-84f8-b7015e10bed0}</UniqueIdentifier>
    </Filter>
    <Filter Include="Game\Player">
      <UniqueIdentifier>{a6da5924-ebd2-4adb-b3be-68d5333264e5}</UniqueIdentifier>
    </Filter>
    <Filter Include="Game\map">
      <UniqueIdentifier>{f8ad8e0b-9673-4fe8-85ec-bbe7d3d6020f}</UniqueIdentifier>
    </Filter>
    <Filter Include="Game\Spike">
      <UniqueIdentifier>{03edb04c-45b4-469e-8f34-e6c0712e5fcb}</UniqueIdentifier>
    </Filter>
    <Filter Include="Game\Leser">
      <UniqueIdentifier>{2e90e99e-9e1b-4263-90d0-b4f77576e135}</UniqueIdentifier>
    </Filter>
    <Filter Include="Game\Boss">
      <UniqueIdentifier>{a88f12b9-0e70-41fc-8634-41e98f2e0f9e}</UniqueIdentifier>
    </Filter>
    <Filter Include="Game\GlovalVariables">
      <UniqueIdentifier>{9bcf8669-8cc9-4dec-b88f-c576d93992c3}</UniqueIdentifier>
    </Filter>
    <Filter Include="Game\Scene">
      <UniqueIdentifier>{d33beeff-c65b-4414-9ff9-59fe6e0a5e1c}</UniqueIdentifier>
    </Filter>
    <Filter Include="Game\Scene\Clear">
      <UniqueIdentifier>{af5df716-377b-46fd-9a28-95bb7679e357}</UniqueIdentifier>
    </Filter>
    <Filter Include="Game\Scene\InGame">
      <UniqueIdentifier>{def1f215-2258-4803-8dba-fef532827214}</UniqueIdentifier>
    </Filter>
    <Filter Include="Game\Scene\StageSerect">
      <UniqueIdentifier>{a64ae098-a0bc-4ca1-919c-9167d87b6278}</UniqueIdentifier>
    </Filter>
    <Filter Include="Game\Scene\Title">
      <UniqueIdentifier>{7c9495a5-0c59-4f05-9581-967a99073fda}</UniqueIdentifier>
    </Filter>
    <Filter Include="Game\Scene\GameOver">
      <UniqueIdentifier>{8c9df276-932a-466c-a661-532cd8a81de8}</UniqueIdentifier>
    </Filter>
    <Filter Include="Game\Title">
      <UniqueIdentifier>{00164e34-da29-48d9-bffd-ff33fae2b245}</UniqueIdentifier>
    </Filter>
    <Filter Include="Game\Effect">
      <UniqueIdentifier>{d30eddc3-f2f2-4d55-bc20-88e58b2f650f}</UniqueIdentifier>
    </Filter>
    <Filter Include="Game\Effect\Heal">
      <UniqueIdentifier>{c23e1e5d-7d3c-4048-86f9-6d59c24cecc3}</UniqueIdentifier>
    </Filter>
    <Filter Include="Externals\nlohmann">
      <UniqueIdentifier>{eb5a56f9-4216-4d6b-b246-66377166131e}</UniqueIdentifier>
    </Filter>
    <Filter Include="Game\Background">
      <UniqueIdentifier>{c0fa8784-d49e-49ab-a277-5cb107b6f270}</UniqueIdentifier>
    </Filter>
    <Filter Include="Game\BossSpike">
      <UniqueIdentifier>{bb276877-993a-46f4-92cb-087967e9e49b}</UniqueIdentifier>
    </Filter>
    <Filter Include="Game\Limit">
      <UniqueIdentifier>{ca9d149d-5221-4110-8a82-4cc47e6d2865}</UniqueIdentifier>
    </Filter>
    <Filter Include="Game\SpeedEffect">
      <UniqueIdentifier>{20a02fcb-69d6-4a32-b291-b23c6f0612d4}</UniqueIdentifier>
    </Filter>
    <Filter Include="Game\Scene\InGame2">
      <UniqueIdentifier>{e4a9a6c3-5c02-4f35-b650-06403f3355d8}</UniqueIdentifier>
    </Filter>
    <Filter Include="Game\Effect\LeserDust">
      <UniqueIdentifier>{374b0b99-b0f0-47d7-90a0-62db7cd5cea0}</UniqueIdentifier>
    </Filter>
    <Filter Include="Game\Effect\SpikeDust">
      <UniqueIdentifier>{b73f2b88-f31a-4aa6-8640-3dba5cca79d8}</UniqueIdentifier>
    </Filter>
  </ItemGroup>
  <ItemGroup>
    <ClInclude Include="..\Externals\ImGui\imconfig.h">
      <Filter>Externals\ImGui</Filter>
    </ClInclude>
    <ClInclude Include="..\Externals\ImGui\imgui.h">
      <Filter>Externals\ImGui</Filter>
    </ClInclude>
    <ClInclude Include="..\Externals\ImGui\imgui_impl_dx12.h">
      <Filter>Externals\ImGui</Filter>
    </ClInclude>
    <ClInclude Include="..\Externals\ImGui\imgui_impl_win32.h">
      <Filter>Externals\ImGui</Filter>
    </ClInclude>
    <ClInclude Include="..\Externals\ImGui\imgui_internal.h">
      <Filter>Externals\ImGui</Filter>
    </ClInclude>
    <ClInclude Include="..\Externals\ImGui\imstb_rectpack.h">
      <Filter>Externals\ImGui</Filter>
    </ClInclude>
    <ClInclude Include="..\Externals\ImGui\imstb_textedit.h">
      <Filter>Externals\ImGui</Filter>
    </ClInclude>
    <ClInclude Include="..\Externals\ImGui\imstb_truetype.h">
      <Filter>Externals\ImGui</Filter>
    </ClInclude>
    <ClInclude Include="Engine\Graphics\GaussianBlur.h">
      <Filter>Engine\Graphics</Filter>
    </ClInclude>
    <ClInclude Include="Engine\Graphics\Bloom.h">
      <Filter>Engine\Graphics</Filter>
    </ClInclude>
    <ClInclude Include="Engine\Math\Camera.h">
      <Filter>Engine\Math</Filter>
    </ClInclude>
    <ClInclude Include="Engine\Math\Geometry.h">
      <Filter>Engine\Math</Filter>
    </ClInclude>
    <ClInclude Include="Engine\Math\LightStructs.h">
      <Filter>Engine\Math</Filter>
    </ClInclude>
    <ClInclude Include="Engine\Math\MathUtils.h">
      <Filter>Engine\Math</Filter>
    </ClInclude>
    <ClInclude Include="Engine\Math\Transform.h">
      <Filter>Engine\Math</Filter>
    </ClInclude>
    <ClInclude Include="Engine\Math\Random.h">
      <Filter>Engine\Math</Filter>
    </ClInclude>
    <ClInclude Include="Engine\Math\Color.h">
      <Filter>Engine\Math</Filter>
    </ClInclude>
    <ClInclude Include="Engine\Audio\Audio.h">
      <Filter>Engine\Audio</Filter>
    </ClInclude>
    <ClInclude Include="Engine\Graphics\Core\ColorBuffer.h">
      <Filter>Engine\Graphics\Core</Filter>
    </ClInclude>
    <ClInclude Include="Engine\Graphics\Core\CommandContext.h">
      <Filter>Engine\Graphics\Core</Filter>
    </ClInclude>
    <ClInclude Include="Engine\Graphics\Core\CommandQueue.h">
      <Filter>Engine\Graphics\Core</Filter>
    </ClInclude>
    <ClInclude Include="Engine\Graphics\Core\DepthBuffer.h">
      <Filter>Engine\Graphics\Core</Filter>
    </ClInclude>
    <ClInclude Include="Engine\Graphics\Core\DescriptorHandle.h">
      <Filter>Engine\Graphics\Core</Filter>
    </ClInclude>
    <ClInclude Include="Engine\Graphics\Core\DescriptorHeap.h">
      <Filter>Engine\Graphics\Core</Filter>
    </ClInclude>
    <ClInclude Include="Engine\Graphics\Core\GPUResource.h">
      <Filter>Engine\Graphics\Core</Filter>
    </ClInclude>
    <ClInclude Include="Engine\Graphics\Core\Graphics.h">
      <Filter>Engine\Graphics\Core</Filter>
    </ClInclude>
    <ClInclude Include="Engine\Graphics\Core\Helper.h">
      <Filter>Engine\Graphics\Core</Filter>
    </ClInclude>
    <ClInclude Include="Engine\Graphics\Core\LinearAllocator.h">
      <Filter>Engine\Graphics\Core</Filter>
    </ClInclude>
    <ClInclude Include="Engine\Graphics\Core\PipelineState.h">
      <Filter>Engine\Graphics\Core</Filter>
    </ClInclude>
    <ClInclude Include="Engine\Graphics\Core\PixelBuffer.h">
      <Filter>Engine\Graphics\Core</Filter>
    </ClInclude>
    <ClInclude Include="Engine\Graphics\Core\RootSignature.h">
      <Filter>Engine\Graphics\Core</Filter>
    </ClInclude>
    <ClInclude Include="Engine\Graphics\Core\SamplerManager.h">
      <Filter>Engine\Graphics\Core</Filter>
    </ClInclude>
    <ClInclude Include="Engine\Graphics\Core\ShaderManager.h">
      <Filter>Engine\Graphics\Core</Filter>
    </ClInclude>
    <ClInclude Include="Engine\Graphics\Core\SwapChain.h">
      <Filter>Engine\Graphics\Core</Filter>
    </ClInclude>
    <ClInclude Include="Engine\Graphics\Core\UploadBuffer.h">
      <Filter>Engine\Graphics\Core</Filter>
    </ClInclude>
    <ClInclude Include="Engine\Graphics\RenderManager.h">
      <Filter>Engine\Graphics</Filter>
    </ClInclude>
    <ClInclude Include="Engine\Graphics\Core\GPUBuffer.h">
      <Filter>Engine\Graphics\Core</Filter>
    </ClInclude>
    <ClInclude Include="Engine\Graphics\Core\TextureResource.h">
      <Filter>Engine\Graphics\Core</Filter>
    </ClInclude>
    <ClInclude Include="Engine\Graphics\ToonRenderer.h">
      <Filter>Engine\Graphics</Filter>
    </ClInclude>
    <ClInclude Include="Engine\Graphics\DefaultTextures.h">
      <Filter>Engine\Graphics</Filter>
    </ClInclude>
    <ClInclude Include="Engine\Graphics\ModelLoader.h">
      <Filter>Engine\Graphics</Filter>
    </ClInclude>
    <ClInclude Include="Engine\Graphics\ToonModel.h">
      <Filter>Engine\Graphics</Filter>
    </ClInclude>
    <ClInclude Include="Engine\Input\Input.h">
      <Filter>Engine\Input</Filter>
    </ClInclude>
    <ClInclude Include="Engine\Graphics\GameWindow.h">
      <Filter>Engine\Graphics</Filter>
    </ClInclude>
    <ClInclude Include="Engine\Graphics\ImGuiManager.h">
      <Filter>Engine\Graphics</Filter>
    </ClInclude>
    <ClInclude Include="Engine\Graphics\PostEffect.h">
      <Filter>Engine\Graphics</Filter>
    </ClInclude>
    <ClInclude Include="Engine\Scene\SceneManager.h">
      <Filter>Engine\Scene</Filter>
    </ClInclude>
    <ClInclude Include="Engine\Scene\BaseScene.h">
      <Filter>Engine\Scene</Filter>
    </ClInclude>
    <ClInclude Include="Engine\Application\Game.h">
      <Filter>Engine\Application</Filter>
    </ClInclude>
    <ClInclude Include="Engine\Engine.h">
      <Filter>Engine</Filter>
    </ClInclude>
    <ClInclude Include="OneButton.h">
      <Filter>Game</Filter>
    </ClInclude>
    <ClInclude Include="TitleScene.h">
      <Filter>Game\Scene\Title</Filter>
    </ClInclude>
    <ClInclude Include="ImGame.h">
      <Filter>Game\Scene\InGame</Filter>
    </ClInclude>
    <ClInclude Include="Clear.h">
      <Filter>Game\Scene\Clear</Filter>
    </ClInclude>
    <ClInclude Include="Player.h">
      <Filter>Game\Player</Filter>
    </ClInclude>
    <ClInclude Include="map.h">
      <Filter>Game\map</Filter>
    </ClInclude>
    <ClInclude Include="Spike.h">
      <Filter>Game\Spike</Filter>
    </ClInclude>
    <ClInclude Include="Leser.h">
      <Filter>Game\Leser</Filter>
    </ClInclude>
    <ClInclude Include="Boss.h">
      <Filter>Game\Boss</Filter>
    </ClInclude>
    <ClInclude Include="Engine\Graphics\Sprite.h">
      <Filter>Engine\Graphics</Filter>
    </ClInclude>
    <ClInclude Include="Engine\Graphics\ResourceManager.h">
      <Filter>Engine\Graphics</Filter>
    </ClInclude>
    <ClInclude Include="Engine\Graphics\SpriteRenderer.h">
      <Filter>Engine\Graphics</Filter>
    </ClInclude>
    <ClInclude Include="Engine\Graphics\Timer.h">
      <Filter>Engine\Graphics</Filter>
    </ClInclude>
    <ClInclude Include="GlobalVariables.h">
      <Filter>Game\GlovalVariables</Filter>
    </ClInclude>
    <ClInclude Include="StageSerect.h">
      <Filter>Game\Scene\StageSerect</Filter>
    </ClInclude>
    <ClInclude Include="GameOver.h">
      <Filter>Game\Scene\GameOver</Filter>
    </ClInclude>
    <ClInclude Include="TitleLogo.h">
      <Filter>Game\Title</Filter>
    </ClInclude>
    <ClInclude Include="Heal.h">
      <Filter>Game\Effect\Heal</Filter>
    </ClInclude>
    <ClInclude Include="..\Externals\nlohmann\json.hpp">
      <Filter>Externals\nlohmann</Filter>
    </ClInclude>
    <ClInclude Include="..\Externals\nlohmann\json_fwd.hpp">
      <Filter>Externals\nlohmann</Filter>
    </ClInclude>
    <ClInclude Include="Background.h">
      <Filter>Game\Background</Filter>
    </ClInclude>
    <ClInclude Include="Engine\Graphics\TranslucentRenderer.h">
      <Filter>Engine\Graphics</Filter>
    </ClInclude>
    <ClInclude Include="LeserDust.h">
      <Filter>Game\Effect\LeserDust</Filter>
    </ClInclude>
    <ClInclude Include="BossSpike.h">
      <Filter>Game\BossSpike</Filter>
    </ClInclude>
    <ClInclude Include="Limit.h">
      <Filter>Game\Limit</Filter>
    </ClInclude>
    <ClInclude Include="SpeedEffect.h">
      <Filter>Game\SpeedEffect</Filter>
    </ClInclude>
    <ClInclude Include="TitlePlayer.h">
      <Filter>Game\Title</Filter>
    </ClInclude>
    <ClInclude Include="TitleLaser.h">
      <Filter>Game\Title</Filter>
    </ClInclude>
    <ClInclude Include="InGame2.h">
      <Filter>Game\Scene\InGame2</Filter>
    </ClInclude>
    <ClInclude Include="ClearLimit.h">
      <Filter>Game\Limit</Filter>
    </ClInclude>
    <ClInclude Include="SpikeDust.h">
      <Filter>Game\Effect\SpikeDust</Filter>
    </ClInclude>
  </ItemGroup>
  <ItemGroup>
    <ClCompile Include="..\Externals\ImGui\imgui.cpp">
      <Filter>Externals\ImGui</Filter>
    </ClCompile>
    <ClCompile Include="..\Externals\ImGui\imgui_demo.cpp">
      <Filter>Externals\ImGui</Filter>
    </ClCompile>
    <ClCompile Include="..\Externals\ImGui\imgui_draw.cpp">
      <Filter>Externals\ImGui</Filter>
    </ClCompile>
    <ClCompile Include="..\Externals\ImGui\imgui_impl_dx12.cpp">
      <Filter>Externals\ImGui</Filter>
    </ClCompile>
    <ClCompile Include="..\Externals\ImGui\imgui_impl_win32.cpp">
      <Filter>Externals\ImGui</Filter>
    </ClCompile>
    <ClCompile Include="..\Externals\ImGui\imgui_tables.cpp">
      <Filter>Externals\ImGui</Filter>
    </ClCompile>
    <ClCompile Include="..\Externals\ImGui\imgui_widgets.cpp">
      <Filter>Externals\ImGui</Filter>
    </ClCompile>
    <ClCompile Include="main.cpp" />
    <ClCompile Include="Engine\Graphics\GaussianBlur.cpp">
      <Filter>Engine\Graphics</Filter>
    </ClCompile>
    <ClCompile Include="Engine\Graphics\Bloom.cpp">
      <Filter>Engine\Graphics</Filter>
    </ClCompile>
    <ClCompile Include="Engine\Math\Camera.cpp">
      <Filter>Engine\Math</Filter>
    </ClCompile>
    <ClCompile Include="Engine\Math\Geometry.cpp">
      <Filter>Engine\Math</Filter>
    </ClCompile>
    <ClCompile Include="Engine\Math\MathUtils.cpp">
      <Filter>Engine\Math</Filter>
    </ClCompile>
    <ClCompile Include="Engine\Math\Color.cpp">
      <Filter>Engine\Math</Filter>
    </ClCompile>
    <ClCompile Include="Engine\Audio\Audio.cpp">
      <Filter>Engine\Audio</Filter>
    </ClCompile>
    <ClCompile Include="Engine\Graphics\Core\ColorBuffer.cpp">
      <Filter>Engine\Graphics\Core</Filter>
    </ClCompile>
    <ClCompile Include="Engine\Graphics\Core\CommandContext.cpp">
      <Filter>Engine\Graphics\Core</Filter>
    </ClCompile>
    <ClCompile Include="Engine\Graphics\Core\CommandQueue.cpp">
      <Filter>Engine\Graphics\Core</Filter>
    </ClCompile>
    <ClCompile Include="Engine\Graphics\Core\DepthBuffer.cpp">
      <Filter>Engine\Graphics\Core</Filter>
    </ClCompile>
    <ClCompile Include="Engine\Graphics\Core\DescriptorHeap.cpp">
      <Filter>Engine\Graphics\Core</Filter>
    </ClCompile>
    <ClCompile Include="Engine\Graphics\Core\Graphics.cpp">
      <Filter>Engine\Graphics\Core</Filter>
    </ClCompile>
    <ClCompile Include="Engine\Graphics\Core\Helper.cpp">
      <Filter>Engine\Graphics\Core</Filter>
    </ClCompile>
    <ClCompile Include="Engine\Graphics\Core\LinearAllocator.cpp">
      <Filter>Engine\Graphics\Core</Filter>
    </ClCompile>
    <ClCompile Include="Engine\Graphics\Core\PipelineState.cpp">
      <Filter>Engine\Graphics\Core</Filter>
    </ClCompile>
    <ClCompile Include="Engine\Graphics\Core\PixelBuffer.cpp">
      <Filter>Engine\Graphics\Core</Filter>
    </ClCompile>
    <ClCompile Include="Engine\Graphics\Core\RootSignature.cpp">
      <Filter>Engine\Graphics\Core</Filter>
    </ClCompile>
    <ClCompile Include="Engine\Graphics\Core\SamplerManager.cpp">
      <Filter>Engine\Graphics\Core</Filter>
    </ClCompile>
    <ClCompile Include="Engine\Graphics\Core\ShaderManager.cpp">
      <Filter>Engine\Graphics\Core</Filter>
    </ClCompile>
    <ClCompile Include="Engine\Graphics\Core\SwapChain.cpp">
      <Filter>Engine\Graphics\Core</Filter>
    </ClCompile>
    <ClCompile Include="Engine\Graphics\Core\UploadBuffer.cpp">
      <Filter>Engine\Graphics\Core</Filter>
    </ClCompile>
    <ClCompile Include="Engine\Graphics\RenderManager.cpp">
      <Filter>Engine\Graphics</Filter>
    </ClCompile>
    <ClCompile Include="Engine\Graphics\Core\TextureResource.cpp">
      <Filter>Engine\Graphics\Core</Filter>
    </ClCompile>
    <ClCompile Include="Engine\Graphics\Core\GPUBuffer.cpp">
      <Filter>Engine\Graphics\Core</Filter>
    </ClCompile>
    <ClCompile Include="Engine\Graphics\ToonRenderer.cpp">
      <Filter>Engine\Graphics</Filter>
    </ClCompile>
    <ClCompile Include="Engine\Graphics\DefaultTextures.cpp">
      <Filter>Engine\Graphics</Filter>
    </ClCompile>
    <ClCompile Include="Engine\Graphics\ModelLoader.cpp">
      <Filter>Engine\Graphics</Filter>
    </ClCompile>
    <ClCompile Include="Engine\Graphics\ToonModel.cpp">
      <Filter>Engine\Graphics</Filter>
    </ClCompile>
    <ClCompile Include="Engine\Input\Input.cpp">
      <Filter>Engine\Input</Filter>
    </ClCompile>
    <ClCompile Include="Engine\Graphics\GameWindow.cpp">
      <Filter>Engine\Graphics</Filter>
    </ClCompile>
    <ClCompile Include="Engine\Graphics\ImGuiManager.cpp">
      <Filter>Engine\Graphics</Filter>
    </ClCompile>
    <ClCompile Include="Engine\Graphics\PostEffect.cpp">
      <Filter>Engine\Graphics</Filter>
    </ClCompile>
    <ClCompile Include="Engine\Scene\SceneManager.cpp">
      <Filter>Engine\Scene</Filter>
    </ClCompile>
    <ClCompile Include="Engine\Engine.cpp">
      <Filter>Engine</Filter>
    </ClCompile>
    <ClCompile Include="OneButton.cpp">
      <Filter>Game</Filter>
    </ClCompile>
    <ClCompile Include="TitleScene.cpp">
      <Filter>Game\Scene\Title</Filter>
    </ClCompile>
    <ClCompile Include="ImGame.cpp">
      <Filter>Game\Scene\InGame</Filter>
    </ClCompile>
    <ClCompile Include="Clear.cpp">
      <Filter>Game\Scene\Clear</Filter>
    </ClCompile>
    <ClCompile Include="Player.cpp">
      <Filter>Game\Player</Filter>
    </ClCompile>
    <ClCompile Include="map.cpp">
      <Filter>Game\map</Filter>
    </ClCompile>
    <ClCompile Include="Spike.cpp">
      <Filter>Game\Spike</Filter>
    </ClCompile>
    <ClCompile Include="Leser.cpp">
      <Filter>Game\Leser</Filter>
    </ClCompile>
    <ClCompile Include="Boss.cpp">
      <Filter>Game\Boss</Filter>
    </ClCompile>
    <ClCompile Include="Engine\Graphics\Sprite.cpp">
      <Filter>Engine\Graphics</Filter>
    </ClCompile>
    <ClCompile Include="Engine\Graphics\SpriteRenderer.cpp">
      <Filter>Engine\Graphics</Filter>
    </ClCompile>
    <ClCompile Include="Engine\Graphics\ResourceManager.cpp">
      <Filter>Engine\Graphics</Filter>
    </ClCompile>
    <ClCompile Include="Engine\Graphics\Timer.cpp">
      <Filter>Engine\Graphics</Filter>
    </ClCompile>
    <ClCompile Include="GlobalVariables.cpp">
      <Filter>Game\GlovalVariables</Filter>
    </ClCompile>
    <ClCompile Include="StageSerect.cpp">
      <Filter>Game\Scene\StageSerect</Filter>
    </ClCompile>
    <ClCompile Include="GameOver.cpp">
      <Filter>Game\Scene\GameOver</Filter>
    </ClCompile>
    <ClCompile Include="TitleLogo.cpp">
      <Filter>Game\Title</Filter>
    </ClCompile>
    <ClCompile Include="Heal.cpp">
      <Filter>Game\Effect\Heal</Filter>
    </ClCompile>
    <ClCompile Include="Engine\Graphics\TranslucentRenderer.cpp">
      <Filter>Engine\Graphics</Filter>
    </ClCompile>
    <ClCompile Include="LeserDust.cpp">
      <Filter>Game\Effect\LeserDust</Filter>
    </ClCompile>
    <ClCompile Include="BossSpike.cpp">
      <Filter>Game\BossSpike</Filter>
    </ClCompile>
    <ClCompile Include="Background.cpp">
      <Filter>Game\Background</Filter>
    </ClCompile>
    <ClCompile Include="Limit.cpp">
      <Filter>Game\Limit</Filter>
    </ClCompile>
    <ClCompile Include="SpeedEffect.cpp">
      <Filter>Game\SpeedEffect</Filter>
    </ClCompile>
    <ClCompile Include="ClearLimit.cpp">
      <Filter>Game\Limit</Filter>
    </ClCompile>
    <ClCompile Include="TitlePlayer.cpp">
      <Filter>Game\Title</Filter>
    </ClCompile>
    <ClCompile Include="TitleLaser.cpp">
      <Filter>Game\Title</Filter>
    </ClCompile>
    <ClCompile Include="InGame2.cpp">
      <Filter>Game\Scene\InGame2</Filter>
    </ClCompile>
    <ClCompile Include="SpikeDust.cpp">
      <Filter>Game\Effect\SpikeDust</Filter>
    </ClCompile>
  </ItemGroup>
  <ItemGroup>
    <Text Include="..\Externals\ImGui\LICENSE.txt">
      <Filter>Externals\ImGui</Filter>
    </Text>
  </ItemGroup>
  <ItemGroup>
    <None Include="Engine\Graphics\Shader\ScreenQuadVS.hlsl">
      <Filter>Engine\Graphics\Shader</Filter>
    </None>
    <None Include="Engine\Graphics\Shader\VerticalGaussianBlurVS.hlsl">
      <Filter>Engine\Graphics\Shader</Filter>
    </None>
    <None Include="Engine\Graphics\Shader\GaussianBlurPS.hlsl">
      <Filter>Engine\Graphics\Shader</Filter>
    </None>
    <None Include="Engine\Graphics\Shader\HorizontalGaussianBlurVS.hlsl">
      <Filter>Engine\Graphics\Shader</Filter>
    </None>
    <None Include="Engine\Graphics\Shader\BloomPS.hlsl">
      <Filter>Engine\Graphics\Shader</Filter>
    </None>
    <None Include="Engine\Graphics\Shader\LuminanceExtractionrPS.hlsl">
      <Filter>Engine\Graphics\Shader</Filter>
    </None>
    <None Include="Engine\Graphics\Shader\ToonPS.hlsl">
      <Filter>Engine\Graphics\Shader</Filter>
    </None>
    <None Include="Engine\Graphics\Shader\OutlineVS.hlsl">
      <Filter>Engine\Graphics\Shader</Filter>
    </None>
    <None Include="Engine\Graphics\Shader\OutlinePS.hlsl">
      <Filter>Engine\Graphics\Shader</Filter>
    </None>
    <None Include="Engine\Graphics\Shader\ToonVS.hlsl">
      <Filter>Engine\Graphics\Shader</Filter>
    </None>
    <None Include="Engine\Graphics\Shader\Lighting.hlsli">
      <Filter>Engine\Graphics\Shader</Filter>
    </None>
    <None Include="Engine\Graphics\Shader\PostEffectPS.hlsl">
      <Filter>Engine\Graphics\Shader</Filter>
    </None>
    <None Include="Engine\Graphics\Shader\SpriteVS.hlsl">
      <Filter>Engine\Graphics\Shader</Filter>
    </None>
    <None Include="Engine\Graphics\Shader\SpritePS.hlsl">
      <Filter>Engine\Graphics\Shader</Filter>
    </None>
    <None Include="Engine\Graphics\Shader\TranslucentVS.hlsl">
      <Filter>Engine\Graphics\Shader</Filter>
    </None>
    <None Include="Engine\Graphics\Shader\TranslucentPS.hlsl">
      <Filter>Engine\Graphics\Shader</Filter>
    </None>
  </ItemGroup>
</Project>