<?xml version="1.0" encoding="utf-8"?>
<Project ToolsVersion="4.0" xmlns="http://schemas.microsoft.com/developer/msbuild/2003">
  <ItemGroup>
    <Filter Include="Engine">
      <UniqueIdentifier>{d80271fe-25f6-4f24-9b65-9c14749af40a}</UniqueIdentifier>
    </Filter>
    <Filter Include="Engine\Graphics">
      <UniqueIdentifier>{12284122-9860-4a6c-982b-3ae79b13e680}</UniqueIdentifier>
    </Filter>
    <Filter Include="Engine\Input">
      <UniqueIdentifier>{3bfc7317-2d38-45ec-b25c-0909d1e80b43}</UniqueIdentifier>
    </Filter>
    <Filter Include="Engine\Math">
      <UniqueIdentifier>{862321e2-d15e-4bd9-8037-7a2fb1d19170}</UniqueIdentifier>
    </Filter>
    <Filter Include="Engine\Application">
      <UniqueIdentifier>{86df4ca4-8e58-4f73-9ada-f2fbb5f0329d}</UniqueIdentifier>
    </Filter>
    <Filter Include="Externals">
      <UniqueIdentifier>{646b347e-aec3-4f2e-b8d2-08cb6d0198fa}</UniqueIdentifier>
    </Filter>
    <Filter Include="Externals\ImGui">
      <UniqueIdentifier>{651a51f8-3cc7-4c96-856c-809e0bc05071}</UniqueIdentifier>
    </Filter>
    <Filter Include="Game">
      <UniqueIdentifier>{f36aec4f-fb6d-4c5e-ad63-b4ec29307422}</UniqueIdentifier>
    </Filter>
    <Filter Include="Engine\Graphics\Shader">
      <UniqueIdentifier>{95350017-0928-4747-bad1-b272333ed05f}</UniqueIdentifier>
    </Filter>
    <Filter Include="Engine\Shader">
      <UniqueIdentifier>{a42b1e84-dc38-4e5b-888f-b8dcb03fe1b4}</UniqueIdentifier>
    </Filter>
    <Filter Include="Engine\Audio">
      <UniqueIdentifier>{e9e6fbd5-4544-472b-9347-419aa6aff440}</UniqueIdentifier>
    </Filter>
    <Filter Include="Engine\Graphics\Core">
      <UniqueIdentifier>{11fddba6-28f0-448d-902a-f38149760415}</UniqueIdentifier>
    </Filter>
  </ItemGroup>
  <ItemGroup>
    <ClInclude Include="..\Externals\ImGui\imconfig.h">
      <Filter>Externals\ImGui</Filter>
    </ClInclude>
    <ClInclude Include="..\Externals\ImGui\imgui.h">
      <Filter>Externals\ImGui</Filter>
    </ClInclude>
    <ClInclude Include="..\Externals\ImGui\imgui_impl_dx12.h">
      <Filter>Externals\ImGui</Filter>
    </ClInclude>
    <ClInclude Include="..\Externals\ImGui\imgui_impl_win32.h">
      <Filter>Externals\ImGui</Filter>
    </ClInclude>
    <ClInclude Include="..\Externals\ImGui\imgui_internal.h">
      <Filter>Externals\ImGui</Filter>
    </ClInclude>
    <ClInclude Include="..\Externals\ImGui\imstb_rectpack.h">
      <Filter>Externals\ImGui</Filter>
    </ClInclude>
    <ClInclude Include="..\Externals\ImGui\imstb_textedit.h">
      <Filter>Externals\ImGui</Filter>
    </ClInclude>
    <ClInclude Include="..\Externals\ImGui\imstb_truetype.h">
      <Filter>Externals\ImGui</Filter>
    </ClInclude>
    <ClInclude Include="Engine\Utility.h">
      <Filter>Engine</Filter>
    </ClInclude>
    <ClInclude Include="Engine\RenderManager.h">
      <Filter>Engine</Filter>
    </ClInclude>
    <ClInclude Include="Engine\Graphics\GaussianBlur.h">
      <Filter>Engine\Graphics</Filter>
    </ClInclude>
    <ClInclude Include="Engine\Graphics\Bloom.h">
      <Filter>Engine\Graphics</Filter>
    </ClInclude>
    <ClInclude Include="Engine\GameWindow.h">
      <Filter>Engine</Filter>
    </ClInclude>
    <ClInclude Include="Engine\ImGuiManager.h">
      <Filter>Engine</Filter>
    </ClInclude>
    <ClInclude Include="Engine\TriangleRenderer.h">
      <Filter>Engine</Filter>
    </ClInclude>
    <ClInclude Include="Engine\Math\Camera.h">
      <Filter>Engine\Math</Filter>
    </ClInclude>
    <ClInclude Include="Engine\Math\Geometry.h">
      <Filter>Engine\Math</Filter>
    </ClInclude>
    <ClInclude Include="Engine\Math\LightStructs.h">
      <Filter>Engine\Math</Filter>
    </ClInclude>
    <ClInclude Include="Engine\Math\MathUtils.h">
      <Filter>Engine\Math</Filter>
    </ClInclude>
    <ClInclude Include="Engine\Math\Transform.h">
      <Filter>Engine\Math</Filter>
    </ClInclude>
    <ClInclude Include="Engine\TOMATOsEngine.h">
      <Filter>Engine</Filter>
    </ClInclude>
    <ClInclude Include="Engine\SpriteRenderer.h">
      <Filter>Engine</Filter>
    </ClInclude>
    <ClInclude Include="Engine\Monitor.h">
      <Filter>Engine</Filter>
    </ClInclude>
    <ClInclude Include="Engine\Math\Random.h">
      <Filter>Engine\Math</Filter>
    </ClInclude>
    <ClInclude Include="Engine\Input.h">
      <Filter>Engine</Filter>
    </ClInclude>
    <ClInclude Include="Engine\ArcadeMachine.h">
      <Filter>Engine</Filter>
    </ClInclude>
    <ClInclude Include="Engine\RealWorld.h">
      <Filter>Engine</Filter>
    </ClInclude>
    <ClInclude Include="Engine\Model.h">
      <Filter>Engine</Filter>
    </ClInclude>
    <ClInclude Include="Engine\Math\Color.h">
      <Filter>Engine\Math</Filter>
    </ClInclude>
    <ClInclude Include="Engine\Audio\Audio.h">
      <Filter>Engine\Audio</Filter>
    </ClInclude>
    <ClInclude Include="Engine\TextureHandle.h">
      <Filter>Engine</Filter>
    </ClInclude>
    <ClInclude Include="Engine\TextureManager.h">
      <Filter>Engine</Filter>
    </ClInclude>
    <ClInclude Include="Engine\Graphics\Core\ColorBuffer.h">
      <Filter>Engine\Graphics\Core</Filter>
    </ClInclude>
    <ClInclude Include="Engine\Graphics\Core\CommandContext.h">
      <Filter>Engine\Graphics\Core</Filter>
    </ClInclude>
    <ClInclude Include="Engine\Graphics\Core\CommandQueue.h">
      <Filter>Engine\Graphics\Core</Filter>
    </ClInclude>
    <ClInclude Include="Engine\Graphics\Core\DepthBuffer.h">
      <Filter>Engine\Graphics\Core</Filter>
    </ClInclude>
    <ClInclude Include="Engine\Graphics\Core\DescriptorHandle.h">
      <Filter>Engine\Graphics\Core</Filter>
    </ClInclude>
    <ClInclude Include="Engine\Graphics\Core\DescriptorHeap.h">
      <Filter>Engine\Graphics\Core</Filter>
    </ClInclude>
    <ClInclude Include="Engine\Graphics\Core\GPUResource.h">
      <Filter>Engine\Graphics\Core</Filter>
    </ClInclude>
    <ClInclude Include="Engine\Graphics\Core\Graphics.h">
      <Filter>Engine\Graphics\Core</Filter>
    </ClInclude>
    <ClInclude Include="Engine\Graphics\Core\Helper.h">
      <Filter>Engine\Graphics\Core</Filter>
    </ClInclude>
    <ClInclude Include="Engine\Graphics\Core\LinearAllocator.h">
      <Filter>Engine\Graphics\Core</Filter>
    </ClInclude>
    <ClInclude Include="Engine\Graphics\Core\PipelineState.h">
      <Filter>Engine\Graphics\Core</Filter>
    </ClInclude>
    <ClInclude Include="Engine\Graphics\Core\PixelBuffer.h">
      <Filter>Engine\Graphics\Core</Filter>
    </ClInclude>
    <ClInclude Include="Engine\Graphics\Core\RootSignature.h">
      <Filter>Engine\Graphics\Core</Filter>
    </ClInclude>
    <ClInclude Include="Engine\Graphics\Core\SamplerManager.h">
      <Filter>Engine\Graphics\Core</Filter>
    </ClInclude>
    <ClInclude Include="Engine\Graphics\Core\ShaderManager.h">
      <Filter>Engine\Graphics\Core</Filter>
    </ClInclude>
    <ClInclude Include="Engine\Graphics\Core\SwapChain.h">
      <Filter>Engine\Graphics\Core</Filter>
    </ClInclude>
    <ClInclude Include="Engine\Graphics\Core\UploadBuffer.h">
      <Filter>Engine\Graphics\Core</Filter>
    </ClInclude>
    <ClInclude Include="Engine\Graphics\RenderManager.h">
      <Filter>Engine\Graphics</Filter>
    </ClInclude>
    <ClInclude Include="Engine\Graphics\Renderer.h">
      <Filter>Engine\Graphics</Filter>
    </ClInclude>
    <ClInclude Include="Engine\Graphics\ModelRenderer.h">
      <Filter>Engine\Graphics</Filter>
    </ClInclude>
    <ClInclude Include="Engine\Graphics\SpriteRenderer.h">
      <Filter>Engine\Graphics</Filter>
    </ClInclude>
    <ClInclude Include="Engine\Graphics\ResourceManager.h">
      <Filter>Engine\Graphics</Filter>
    </ClInclude>
    <ClInclude Include="Engine\GameObject\GameObject.h">
      <Filter>Engine</Filter>
    </ClInclude>
    <ClInclude Include="Engine\Graphics\Mesh.h">
      <Filter>Engine\Graphics</Filter>
    </ClInclude>
    <ClInclude Include="Engine\Graphics\Core\GPUBuffer.h">
      <Filter>Engine\Graphics\Core</Filter>
    </ClInclude>
    <ClInclude Include="Engine\Graphics\Core\TextureResource.h">
      <Filter>Engine\Graphics\Core</Filter>
    </ClInclude>
  </ItemGroup>
  <ItemGroup>
    <ClCompile Include="..\Externals\ImGui\imgui.cpp">
      <Filter>Externals\ImGui</Filter>
    </ClCompile>
    <ClCompile Include="..\Externals\ImGui\imgui_demo.cpp">
      <Filter>Externals\ImGui</Filter>
    </ClCompile>
    <ClCompile Include="..\Externals\ImGui\imgui_draw.cpp">
      <Filter>Externals\ImGui</Filter>
    </ClCompile>
    <ClCompile Include="..\Externals\ImGui\imgui_impl_dx12.cpp">
      <Filter>Externals\ImGui</Filter>
    </ClCompile>
    <ClCompile Include="..\Externals\ImGui\imgui_impl_win32.cpp">
      <Filter>Externals\ImGui</Filter>
    </ClCompile>
    <ClCompile Include="..\Externals\ImGui\imgui_tables.cpp">
      <Filter>Externals\ImGui</Filter>
    </ClCompile>
    <ClCompile Include="..\Externals\ImGui\imgui_widgets.cpp">
      <Filter>Externals\ImGui</Filter>
    </ClCompile>
    <ClCompile Include="Engine\Utility.cpp">
      <Filter>Engine</Filter>
    </ClCompile>
    <ClCompile Include="main.cpp" />
    <ClCompile Include="Engine\Graphics\GaussianBlur.cpp">
      <Filter>Engine\Graphics</Filter>
    </ClCompile>
    <ClCompile Include="Engine\Graphics\Bloom.cpp">
      <Filter>Engine\Graphics</Filter>
    </ClCompile>
    <ClCompile Include="Engine\GameWindow.cpp">
      <Filter>Engine</Filter>
    </ClCompile>
    <ClCompile Include="Engine\RenderManager.cpp">
      <Filter>Engine</Filter>
    </ClCompile>
    <ClCompile Include="Engine\ImGuiManager.cpp">
      <Filter>Engine</Filter>
    </ClCompile>
    <ClCompile Include="Engine\TriangleRenderer.cpp">
      <Filter>Engine</Filter>
    </ClCompile>
    <ClCompile Include="Engine\Math\Camera.cpp">
      <Filter>Engine\Math</Filter>
    </ClCompile>
    <ClCompile Include="Engine\Math\Geometry.cpp">
      <Filter>Engine\Math</Filter>
    </ClCompile>
    <ClCompile Include="Engine\Math\MathUtils.cpp">
      <Filter>Engine\Math</Filter>
    </ClCompile>
    <ClCompile Include="Engine\TOMATOsEngine.cpp">
      <Filter>Engine</Filter>
    </ClCompile>
    <ClCompile Include="Engine\SpriteRenderer.cpp">
      <Filter>Engine</Filter>
    </ClCompile>
    <ClCompile Include="Engine\Monitor.cpp">
      <Filter>Engine</Filter>
    </ClCompile>
    <ClCompile Include="Engine\Input.cpp">
      <Filter>Engine</Filter>
    </ClCompile>
    <ClCompile Include="Engine\Model.cpp">
      <Filter>Engine</Filter>
    </ClCompile>
    <ClCompile Include="Engine\ArcadeMachine.cpp">
      <Filter>Engine</Filter>
    </ClCompile>
    <ClCompile Include="Engine\RealWorld.cpp">
      <Filter>Engine</Filter>
    </ClCompile>
    <ClCompile Include="Engine\Math\Color.cpp">
      <Filter>Engine\Math</Filter>
    </ClCompile>
    <ClCompile Include="Engine\Audio\Audio.cpp">
      <Filter>Engine\Audio</Filter>
    </ClCompile>
    <ClCompile Include="Engine\TextureManager.cpp">
      <Filter>Engine</Filter>
    </ClCompile>
    <ClCompile Include="Engine\Graphics\Core\ColorBuffer.cpp">
      <Filter>Engine\Graphics\Core</Filter>
    </ClCompile>
    <ClCompile Include="Engine\Graphics\Core\CommandContext.cpp">
      <Filter>Engine\Graphics\Core</Filter>
    </ClCompile>
    <ClCompile Include="Engine\Graphics\Core\CommandQueue.cpp">
      <Filter>Engine\Graphics\Core</Filter>
    </ClCompile>
    <ClCompile Include="Engine\Graphics\Core\DepthBuffer.cpp">
      <Filter>Engine\Graphics\Core</Filter>
    </ClCompile>
    <ClCompile Include="Engine\Graphics\Core\DescriptorHeap.cpp">
      <Filter>Engine\Graphics\Core</Filter>
    </ClCompile>
    <ClCompile Include="Engine\Graphics\Core\Graphics.cpp">
      <Filter>Engine\Graphics\Core</Filter>
    </ClCompile>
    <ClCompile Include="Engine\Graphics\Core\Helper.cpp">
      <Filter>Engine\Graphics\Core</Filter>
    </ClCompile>
    <ClCompile Include="Engine\Graphics\Core\LinearAllocator.cpp">
      <Filter>Engine\Graphics\Core</Filter>
    </ClCompile>
    <ClCompile Include="Engine\Graphics\Core\PipelineState.cpp">
      <Filter>Engine\Graphics\Core</Filter>
    </ClCompile>
    <ClCompile Include="Engine\Graphics\Core\PixelBuffer.cpp">
      <Filter>Engine\Graphics\Core</Filter>
    </ClCompile>
    <ClCompile Include="Engine\Graphics\Core\RootSignature.cpp">
      <Filter>Engine\Graphics\Core</Filter>
    </ClCompile>
    <ClCompile Include="Engine\Graphics\Core\SamplerManager.cpp">
      <Filter>Engine\Graphics\Core</Filter>
    </ClCompile>
    <ClCompile Include="Engine\Graphics\Core\ShaderManager.cpp">
      <Filter>Engine\Graphics\Core</Filter>
    </ClCompile>
    <ClCompile Include="Engine\Graphics\Core\SwapChain.cpp">
      <Filter>Engine\Graphics\Core</Filter>
    </ClCompile>
    <ClCompile Include="Engine\Graphics\Core\UploadBuffer.cpp">
      <Filter>Engine\Graphics\Core</Filter>
    </ClCompile>
    <ClCompile Include="Engine\Graphics\RenderManager.cpp">
      <Filter>Engine\Graphics</Filter>
    </ClCompile>
    <ClCompile Include="Engine\Graphics\ModelRenderer.cpp">
      <Filter>Engine\Graphics</Filter>
    </ClCompile>
    <ClCompile Include="Engine\Graphics\Core\GPUBuffer.cpp" />
    <ClCompile Include="Engine\Graphics\Mesh.cpp" />
    <ClCompile Include="Engine\Graphics\Core\TextureResource.cpp">
      <Filter>Engine\Graphics\Core</Filter>
    </ClCompile>
  </ItemGroup>
  <ItemGroup>
    <Text Include="..\Externals\ImGui\LICENSE.txt">
      <Filter>Externals\ImGui</Filter>
    </Text>
  </ItemGroup>
  <ItemGroup>
    <None Include="Engine\Graphics\Shader\ScreenQuadVS.hlsl">
      <Filter>Engine\Graphics\Shader</Filter>
    </None>
    <None Include="Engine\Graphics\Shader\VerticalGaussianBlurVS.hlsl">
      <Filter>Engine\Graphics\Shader</Filter>
    </None>
    <None Include="Engine\Graphics\Shader\GaussianBlurPS.hlsl">
      <Filter>Engine\Graphics\Shader</Filter>
    </None>
    <None Include="Engine\Graphics\Shader\HorizontalGaussianBlurVS.hlsl">
      <Filter>Engine\Graphics\Shader</Filter>
    </None>
    <None Include="Engine\Graphics\Shader\BloomPS.hlsl">
      <Filter>Engine\Graphics\Shader</Filter>
    </None>
    <None Include="Engine\Graphics\Shader\LuminanceExtractionrPS.hlsl">
      <Filter>Engine\Graphics\Shader</Filter>
    </None>
    <None Include="Engine\Shader\PostEffectPS.hlsl">
      <Filter>Engine\Shader</Filter>
    </None>
    <None Include="Engine\Shader\TriangleVS.hlsl">
      <Filter>Engine\Shader</Filter>
    </None>
    <None Include="Engine\Shader\TrianglePS.hlsl">
      <Filter>Engine\Shader</Filter>
    </None>
    <None Include="Engine\Shader\SpriteVS.hlsl">
      <Filter>Engine\Shader</Filter>
    </None>
    <None Include="Engine\Shader\SpritePS.hlsl">
      <Filter>Engine\Shader</Filter>
    </None>
    <None Include="Engine\Shader\MonitorVS.hlsl">
      <Filter>Engine\Shader</Filter>
    </None>
    <None Include="Engine\Shader\MonitorPS.hlsl">
      <Filter>Engine\Shader</Filter>
    </None>
    <None Include="Engine\Shader\ModelVS.hlsl">
      <Filter>Engine\Shader</Filter>
    </None>
    <None Include="Engine\Shader\ModelPS.hlsl">
      <Filter>Engine\Shader</Filter>
    </None>
  </ItemGroup>
</Project>